
Microsoft Visual Studio Solution File, Format Version 12.00
# Visual Studio Version 17
VisualStudioVersion = 17.4.33213.308
MinimumVisualStudioVersion = 10.0.40219.1
Project("{FAE04EC0-301F-11D3-BF4B-00C04F79EFBC}") = "PokedexApp", "PokedexApp\PokedexApp.csproj", "{DADF7CB1-B05C-49B2-A912-74A154F4FBE1}"
EndProject
Global
	GlobalSection(SolutionConfigurationPlatforms) = preSolution
		Debug|Any CPU = Debug|Any CPU
		Release|Any CPU = Release|Any CPU
	EndGlobalSection
	GlobalSection(ProjectConfigurationPlatforms) = postSolution
		{DADF7CB1-B05C-49B2-A912-74A154F4FBE1}.Debug|Any CPU.ActiveCfg = Debug|Any CPU
		{DADF7CB1-B05C-49B2-A912-74A154F4FBE1}.Debug|Any CPU.Build.0 = Debug|Any CPU
		{DADF7CB1-B05C-49B2-A912-74A154F4FBE1}.Release|Any CPU.ActiveCfg = Release|Any CPU
		{DADF7CB1-B05C-49B2-A912-74A154F4FBE1}.Release|Any CPU.Build.0 = Release|Any CPU
	EndGlobalSection
	GlobalSection(SolutionProperties) = preSolution
		HideSolutionNode = FALSE
	EndGlobalSection
	GlobalSection(ExtensibilityGlobals) = postSolution
		SolutionGuid = {45A79587-681B-4959-86F3-DA25F74E9911}
	EndGlobalSection
EndGlobal
